
Microsoft Visual Studio Solution File, Format Version 12.00
# Visual Studio Version 17
VisualStudioVersion = 17.14.36915.13 d17.14
MinimumVisualStudioVersion = 10.0.40219.1
Project("{FAE04EC0-301F-11D3-BF4B-00C04F79EFBC}") = "WpfApp2", "WpfApp2\WpfApp2.csproj", "{149F6FCE-7BAA-416C-B349-56D0A77F240A}"
EndProject
Project("{FAE04EC0-301F-11D3-BF4B-00C04F79EFBC}") = "UnitTestProject1", "UnitTestProject1\UnitTestProject1.csproj", "{FAE638D9-A607-4A29-B842-6161E5E0A37C}"
EndProject
Global
	GlobalSection(SolutionConfigurationPlatforms) = preSolution
		Debug|Any CPU = Debug|Any CPU
		Release|Any CPU = Release|Any CPU
	EndGlobalSection
	GlobalSection(ProjectConfigurationPlatforms) = postSolution
		{149F6FCE-7BAA-416C-B349-56D0A77F240A}.Debug|Any CPU.ActiveCfg = Debug|Any CPU
		{149F6FCE-7BAA-416C-B349-56D0A77F240A}.Debug|Any CPU.Build.0 = Debug|Any CPU
		{149F6FCE-7BAA-416C-B349-56D0A77F240A}.Release|Any CPU.ActiveCfg = Release|Any CPU
		{149F6FCE-7BAA-416C-B349-56D0A77F240A}.Release|Any CPU.Build.0 = Release|Any CPU
		{FAE638D9-A607-4A29-B842-6161E5E0A37C}.Debug|Any CPU.ActiveCfg = Debug|Any CPU
		{FAE638D9-A607-4A29-B842-6161E5E0A37C}.Debug|Any CPU.Build.0 = Debug|Any CPU
		{FAE638D9-A607-4A29-B842-6161E5E0A37C}.Release|Any CPU.ActiveCfg = Release|Any CPU
		{FAE638D9-A607-4A29-B842-6161E5E0A37C}.Release|Any CPU.Build.0 = Release|Any CPU
	EndGlobalSection
	GlobalSection(SolutionProperties) = preSolution
		HideSolutionNode = FALSE
	EndGlobalSection
	GlobalSection(ExtensibilityGlobals) = postSolution
		SolutionGuid = {54778296-DEDE-438A-A7AF-D43CCF889E27}
	EndGlobalSection
EndGlobal
